// !$*UTF8*$!
{
	archiveVersion = 1;
	classes = {
	};
	objectVersion = 77;
	objects = {

/* Begin PBXBuildFile section */
		C40BFADD2F8CF2A500992216 /* ElechimCore in Frameworks */ = {isa = PBXBuildFile; productRef = C40BFADC2F8CF2A500992216 /* ElechimCore */; };
		C40BFAE72F8CF9E600992216 /* AllMock.swift in Sources */ = {isa = PBXBuildFile; fileRef = C40BFAE62F8CF9E600992216 /* AllMock.swift */; };
		C40BFAE82F8CF9E600992216 /* AllMock.swift in Sources */ = {isa = PBXBuildFile; fileRef = C40BFAE62F8CF9E600992216 /* AllMock.swift */; };
		C40BFAEF2F8D2F1700992216 /* PesoRow.swift in Sources */ = {isa = PBXBuildFile; fileRef = C40BFAEE2F8D2F1600992216 /* PesoRow.swift */; };
		C40BFAF02F8D2F1700992216 /* PesoRow.swift in Sources */ = {isa = PBXBuildFile; fileRef = C40BFAEE2F8D2F1600992216 /* PesoRow.swift */; };
		C4B330E02F8799740007CFA7 /* Pesi Watch App.app in Embed Watch Content */ = {isa = PBXBuildFile; fileRef = C4B330DF2F8799740007CFA7 /* Pesi Watch App.app */; settings = {ATTRIBUTES = (RemoveHeadersOnCopy, ); }; };
		C4B3319A2F87ECBA0007CFA7 /* ElechimCore in Frameworks */ = {isa = PBXBuildFile; productRef = C4B331992F87ECBA0007CFA7 /* ElechimCore */; };
/* End PBXBuildFile section */

/* Begin PBXContainerItemProxy section */
		C4B330CA2F8799740007CFA7 /* PBXContainerItemProxy */ = {
			isa = PBXContainerItemProxy;
			containerPortal = C4B330B42F8799700007CFA7 /* Project object */;
			proxyType = 1;
			remoteGlobalIDString = C4B330BB2F8799710007CFA7;
			remoteInfo = Pesi;
		};
		C4B330D42F8799740007CFA7 /* PBXContainerItemProxy */ = {
			isa = PBXContainerItemProxy;
			containerPortal = C4B330B42F8799700007CFA7 /* Project object */;
			proxyType = 1;
			remoteGlobalIDString = C4B330BB2F8799710007CFA7;
			remoteInfo = Pesi;
		};
		C4B330E12F8799740007CFA7 /* PBXContainerItemProxy */ = {
			isa = PBXContainerItemProxy;
			containerPortal = C4B330B42F8799700007CFA7 /* Project object */;
			proxyType = 1;
			remoteGlobalIDString = C4B330DE2F8799740007CFA7;
			remoteInfo = "Pesi Watch App";
		};
		C4B330EF2F8799760007CFA7 /* PBXContainerItemProxy */ = {
			isa = PBXContainerItemProxy;
			containerPortal = C4B330B42F8799700007CFA7 /* Project object */;
			proxyType = 1;
			remoteGlobalIDString = C4B330DE2F8799740007CFA7;
			remoteInfo = "Pesi Watch App";
		};
		C4B330F92F8799760007CFA7 /* PBXContainerItemProxy */ = {
			isa = PBXContainerItemProxy;
			containerPortal = C4B330B42F8799700007CFA7 /* Project object */;
			proxyType = 1;
			remoteGlobalIDString = C4B330DE2F8799740007CFA7;
			remoteInfo = "Pesi Watch App";
		};
/* End PBXContainerItemProxy section */

/* Begin PBXCopyFilesBuildPhase section */
		C4B331052F8799760007CFA7 /* Embed Watch Content */ = {
			isa = PBXCopyFilesBuildPhase;
			buildActionMask = 2147483647;
			dstPath = "$(CONTENTS_FOLDER_PATH)/Watch";
			dstSubfolderSpec = 16;
			files = (
				C4B330E02F8799740007CFA7 /* Pesi Watch App.app in Embed Watch Content */,
			);
			name = "Embed Watch Content";
			runOnlyForDeploymentPostprocessing = 0;
		};
/* End PBXCopyFilesBuildPhase section */

/* Begin PBXFileReference section */
		C40BFAE62F8CF9E600992216 /* AllMock.swift */ = {isa = PBXFileReference; lastKnownFileType = sourcecode.swift; path = AllMock.swift; sourceTree = "<group>"; };
		C40BFAEE2F8D2F1600992216 /* PesoRow.swift */ = {isa = PBXFileReference; lastKnownFileType = sourcecode.swift; path = PesoRow.swift; sourceTree = "<group>"; };
		C4B330BC2F8799710007CFA7 /* Pesi.app */ = {isa = PBXFileReference; explicitFileType = wrapper.application; includeInIndex = 0; path = Pesi.app; sourceTree = BUILT_PRODUCTS_DIR; };
		C4B330C92F8799740007CFA7 /* PesiTests.xctest */ = {isa = PBXFileReference; explicitFileType = wrapper.cfbundle; includeInIndex = 0; path = PesiTests.xctest; sourceTree = BUILT_PRODUCTS_DIR; };
		C4B330D32F8799740007CFA7 /* PesiUITests.xctest */ = {isa = PBXFileReference; explicitFileType = wrapper.cfbundle; includeInIndex = 0; path = PesiUITests.xctest; sourceTree = BUILT_PRODUCTS_DIR; };
		C4B330DF2F8799740007CFA7 /* Pesi Watch App.app */ = {isa = PBXFileReference; explicitFileType = wrapper.application; includeInIndex = 0; path = "Pesi Watch App.app"; sourceTree = BUILT_PRODUCTS_DIR; };
		C4B330EE2F8799760007CFA7 /* Pesi Watch AppTests.xctest */ = {isa = PBXFileReference; explicitFileType = wrapper.cfbundle; includeInIndex = 0; path = "Pesi Watch AppTests.xctest"; sourceTree = BUILT_PRODUCTS_DIR; };
		C4B330F82F8799760007CFA7 /* Pesi Watch AppUITests.xctest */ = {isa = PBXFileReference; explicitFileType = wrapper.cfbundle; includeInIndex = 0; path = "Pesi Watch AppUITests.xctest"; sourceTree = BUILT_PRODUCTS_DIR; };
/* End PBXFileReference section */

/* Begin PBXFileSystemSynchronizedBuildFileExceptionSet section */
		C40BFAB32F8CEC4700992216 /* Exceptions for "Data" folder in "Pesi Watch App" target */ = {
			isa = PBXFileSystemSynchronizedBuildFileExceptionSet;
			membershipExceptions = (
				DataSources/PesoDataSource.swift,
				Mappers/DTOs/PesoDTO.swift,
				Mappers/DTOs/PesoTransfer.swift,
				Mappers/PesoMapper.swift,
			);
			target = C4B330DE2F8799740007CFA7 /* Pesi Watch App */;
		};
		C40BFAB82F8CEC8300992216 /* Exceptions for "Domain" folder in "Pesi Watch App" target */ = {
			isa = PBXFileSystemSynchronizedBuildFileExceptionSet;
			membershipExceptions = (
				Entities/Peso.swift,
			);
			target = C4B330DE2F8799740007CFA7 /* Pesi Watch App */;
		};
		C40BFAD52F8CF24100992216 /* Exceptions for "Extensions" folder in "Pesi Watch App" target */ = {
			isa = PBXFileSystemSynchronizedBuildFileExceptionSet;
			membershipExceptions = (
				Extensions.swift,
			);
			target = C4B330DE2F8799740007CFA7 /* Pesi Watch App */;
		};
/* End PBXFileSystemSynchronizedBuildFileExceptionSet section */

/* Begin PBXFileSystemSynchronizedRootGroup section */
		C40BFAAB2F8CEBF500992216 /* Data */ = {
			isa = PBXFileSystemSynchronizedRootGroup;
			exceptions = (
				C40BFAB32F8CEC4700992216 /* Exceptions for "Data" folder in "Pesi Watch App" target */,
			);
			path = Data;
			sourceTree = "<group>";
		};
		C40BFAB62F8CEC7100992216 /* Domain */ = {
			isa = PBXFileSystemSynchronizedRootGroup;
			exceptions = (
				C40BFAB82F8CEC8300992216 /* Exceptions for "Domain" folder in "Pesi Watch App" target */,
			);
			path = Domain;
			sourceTree = "<group>";
		};
		C40BFAD22F8CF23700992216 /* Extensions */ = {
			isa = PBXFileSystemSynchronizedRootGroup;
			exceptions = (
				C40BFAD52F8CF24100992216 /* Exceptions for "Extensions" folder in "Pesi Watch App" target */,
			);
			path = Extensions;
			sourceTree = "<group>";
		};
		C4B330BE2F8799710007CFA7 /* Pesi */ = {
			isa = PBXFileSystemSynchronizedRootGroup;
			path = Pesi;
			sourceTree = "<group>";
		};
		C4B330CC2F8799740007CFA7 /* PesiTests */ = {
			isa = PBXFileSystemSynchronizedRootGroup;
			path = PesiTests;
			sourceTree = "<group>";
		};
		C4B330D62F8799740007CFA7 /* PesiUITests */ = {
			isa = PBXFileSystemSynchronizedRootGroup;
			path = PesiUITests;
			sourceTree = "<group>";
		};
		C4B330E32F8799740007CFA7 /* Pesi Watch App */ = {
			isa = PBXFileSystemSynchronizedRootGroup;
			path = "Pesi Watch App";
			sourceTree = "<group>";
		};
		C4B330F12F8799760007CFA7 /* Pesi Watch AppTests */ = {
			isa = PBXFileSystemSynchronizedRootGroup;
			path = "Pesi Watch AppTests";
			sourceTree = "<group>";
		};
		C4B330FB2F8799760007CFA7 /* Pesi Watch AppUITests */ = {
			isa = PBXFileSystemSynchronizedRootGroup;
			path = "Pesi Watch AppUITests";
			sourceTree = "<group>";
		};
/* End PBXFileSystemSynchronizedRootGroup section */

/* Begin PBXFrameworksBuildPhase section */
		C4B330B92F8799710007CFA7 /* Frameworks */ = {
			isa = PBXFrameworksBuildPhase;
			buildActionMask = 2147483647;
			files = (
				C4B3319A2F87ECBA0007CFA7 /* ElechimCore in Frameworks */,
			);
			runOnlyForDeploymentPostprocessing = 0;
		};
		C4B330C62F8799740007CFA7 /* Frameworks */ = {
			isa = PBXFrameworksBuildPhase;
			buildActionMask = 2147483647;
			files = (
			);
			runOnlyForDeploymentPostprocessing = 0;
		};
		C4B330D02F8799740007CFA7 /* Frameworks */ = {
			isa = PBXFrameworksBuildPhase;
			buildActionMask = 2147483647;
			files = (
			);
			runOnlyForDeploymentPostprocessing = 0;
		};
		C4B330DC2F8799740007CFA7 /* Frameworks */ = {
			isa = PBXFrameworksBuildPhase;
			buildActionMask = 2147483647;
			files = (
				C40BFADD2F8CF2A500992216 /* ElechimCore in Frameworks */,
			);
			runOnlyForDeploymentPostprocessing = 0;
		};
		C4B330EB2F8799760007CFA7 /* Frameworks */ = {
			isa = PBXFrameworksBuildPhase;
			buildActionMask = 2147483647;
			files = (
			);
			runOnlyForDeploymentPostprocessing = 0;
		};
		C4B330F52F8799760007CFA7 /* Frameworks */ = {
			isa = PBXFrameworksBuildPhase;
			buildActionMask = 2147483647;
			files = (
			);
			runOnlyForDeploymentPostprocessing = 0;
		};
/* End PBXFrameworksBuildPhase section */

/* Begin PBXGroup section */
		C40BFA9F2F8CEBE200992216 /* Shared */ = {
			isa = PBXGroup;
			children = (
				C40BFAEC2F8D22BF00992216 /* Presentation */,
				C40BFAE52F8CF9DB00992216 /* Mock */,
				C40BFAD22F8CF23700992216 /* Extensions */,
				C40BFAB62F8CEC7100992216 /* Domain */,
				C40BFAAB2F8CEBF500992216 /* Data */,
			);
			path = Shared;
			sourceTree = "<group>";
		};
		C40BFAE52F8CF9DB00992216 /* Mock */ = {
			isa = PBXGroup;
			children = (
				C40BFAE62F8CF9E600992216 /* AllMock.swift */,
			);
			path = Mock;
			sourceTree = "<group>";
		};
		C40BFAEC2F8D22BF00992216 /* Presentation */ = {
			isa = PBXGroup;
			children = (
				C40BFAED2F8D2F0200992216 /* Components */,
			);
			path = Presentation;
			sourceTree = "<group>";
		};
		C40BFAED2F8D2F0200992216 /* Components */ = {
			isa = PBXGroup;
			children = (
				C40BFAEE2F8D2F1600992216 /* PesoRow.swift */,
			);
			path = Components;
			sourceTree = "<group>";
		};
		C4B330B32F8799700007CFA7 = {
			isa = PBXGroup;
			children = (
				C40BFA9F2F8CEBE200992216 /* Shared */,
				C4B330BE2F8799710007CFA7 /* Pesi */,
				C4B330CC2F8799740007CFA7 /* PesiTests */,
				C4B330D62F8799740007CFA7 /* PesiUITests */,
				C4B330E32F8799740007CFA7 /* Pesi Watch App */,
				C4B330F12F8799760007CFA7 /* Pesi Watch AppTests */,
				C4B330FB2F8799760007CFA7 /* Pesi Watch AppUITests */,
				C4B331982F87ECBA0007CFA7 /* Frameworks */,
				C4B330BD2F8799710007CFA7 /* Products */,
			);
			sourceTree = "<group>";
		};
		C4B330BD2F8799710007CFA7 /* Products */ = {
			isa = PBXGroup;
			children = (
				C4B330BC2F8799710007CFA7 /* Pesi.app */,
				C4B330C92F8799740007CFA7 /* PesiTests.xctest */,
				C4B330D32F8799740007CFA7 /* PesiUITests.xctest */,
				C4B330DF2F8799740007CFA7 /* Pesi Watch App.app */,
				C4B330EE2F8799760007CFA7 /* Pesi Watch AppTests.xctest */,
				C4B330F82F8799760007CFA7 /* Pesi Watch AppUITests.xctest */,
			);
			name = Products;
			sourceTree = "<group>";
		};
		C4B331982F87ECBA0007CFA7 /* Frameworks */ = {
			isa = PBXGroup;
			children = (
			);
			name = Frameworks;
			sourceTree = "<group>";
		};
/* End PBXGroup section */

/* Begin PBXNativeTarget section */
		C4B330BB2F8799710007CFA7 /* Pesi */ = {
			isa = PBXNativeTarget;
			buildConfigurationList = C4B331062F8799760007CFA7 /* Build configuration list for PBXNativeTarget "Pesi" */;
			buildPhases = (
				C4B330B82F8799710007CFA7 /* Sources */,
				C4B330B92F8799710007CFA7 /* Frameworks */,
				C4B330BA2F8799710007CFA7 /* Resources */,
				C4B331052F8799760007CFA7 /* Embed Watch Content */,
			);
			buildRules = (
			);
			dependencies = (
				C4B330E22F8799740007CFA7 /* PBXTargetDependency */,
			);
			fileSystemSynchronizedGroups = (
				C40BFAAB2F8CEBF500992216 /* Data */,
				C40BFAB62F8CEC7100992216 /* Domain */,
				C40BFAD22F8CF23700992216 /* Extensions */,
				C4B330BE2F8799710007CFA7 /* Pesi */,
			);
			name = Pesi;
			packageProductDependencies = (
				C4B331992F87ECBA0007CFA7 /* ElechimCore */,
			);
			productName = Pesi;
			productReference = C4B330BC2F8799710007CFA7 /* Pesi.app */;
			productType = "com.apple.product-type.application";
		};
		C4B330C82F8799740007CFA7 /* PesiTests */ = {
			isa = PBXNativeTarget;
			buildConfigurationList = C4B331092F8799760007CFA7 /* Build configuration list for PBXNativeTarget "PesiTests" */;
			buildPhases = (
				C4B330C52F8799740007CFA7 /* Sources */,
				C4B330C62F8799740007CFA7 /* Frameworks */,
				C4B330C72F8799740007CFA7 /* Resources */,
			);
			buildRules = (
			);
			dependencies = (
				C4B330CB2F8799740007CFA7 /* PBXTargetDependency */,
			);
			fileSystemSynchronizedGroups = (
				C4B330CC2F8799740007CFA7 /* PesiTests */,
			);
			name = PesiTests;
			packageProductDependencies = (
			);
			productName = PesiTests;
			productReference = C4B330C92F8799740007CFA7 /* PesiTests.xctest */;
			productType = "com.apple.product-type.bundle.unit-test";
		};
		C4B330D22F8799740007CFA7 /* PesiUITests */ = {
			isa = PBXNativeTarget;
			buildConfigurationList = C4B3310C2F8799760007CFA7 /* Build configuration list for PBXNativeTarget "PesiUITests" */;
			buildPhases = (
				C4B330CF2F8799740007CFA7 /* Sources */,
				C4B330D02F8799740007CFA7 /* Frameworks */,
				C4B330D12F8799740007CFA7 /* Resources */,
			);
			buildRules = (
			);
			dependencies = (
				C4B330D52F8799740007CFA7 /* PBXTargetDependency */,
			);
			fileSystemSynchronizedGroups = (
				C4B330D62F8799740007CFA7 /* PesiUITests */,
			);
			name = PesiUITests;
			packageProductDependencies = (
			);
			productName = PesiUITests;
			productReference = C4B330D32F8799740007CFA7 /* PesiUITests.xctest */;
			productType = "com.apple.product-type.bundle.ui-testing";
		};
		C4B330DE2F8799740007CFA7 /* Pesi Watch App */ = {
			isa = PBXNativeTarget;
			buildConfigurationList = C4B331022F8799760007CFA7 /* Build configuration list for PBXNativeTarget "Pesi Watch App" */;
			buildPhases = (
				C4B330DB2F8799740007CFA7 /* Sources */,
				C4B330DC2F8799740007CFA7 /* Frameworks */,
				C4B330DD2F8799740007CFA7 /* Resources */,
			);
			buildRules = (
			);
			dependencies = (
			);
			fileSystemSynchronizedGroups = (
				C4B330E32F8799740007CFA7 /* Pesi Watch App */,
			);
			name = "Pesi Watch App";
			packageProductDependencies = (
				C40BFADC2F8CF2A500992216 /* ElechimCore */,
			);
			productName = "Pesi Watch App";
			productReference = C4B330DF2F8799740007CFA7 /* Pesi Watch App.app */;
			productType = "com.apple.product-type.application";
		};
		C4B330ED2F8799760007CFA7 /* Pesi Watch AppTests */ = {
			isa = PBXNativeTarget;
			buildConfigurationList = C4B3310F2F8799760007CFA7 /* Build configuration list for PBXNativeTarget "Pesi Watch AppTests" */;
			buildPhases = (
				C4B330EA2F8799760007CFA7 /* Sources */,
				C4B330EB2F8799760007CFA7 /* Frameworks */,
				C4B330EC2F8799760007CFA7 /* Resources */,
			);
			buildRules = (
			);
			dependencies = (
				C4B330F02F8799760007CFA7 /* PBXTargetDependency */,
			);
			fileSystemSynchronizedGroups = (
				C4B330F12F8799760007CFA7 /* Pesi Watch AppTests */,
			);
			name = "Pesi Watch AppTests";
			packageProductDependencies = (
			);
			productName = "Pesi Watch AppTests";
			productReference = C4B330EE2F8799760007CFA7 /* Pesi Watch AppTests.xctest */;
			productType = "com.apple.product-type.bundle.unit-test";
		};
		C4B330F72F8799760007CFA7 /* Pesi Watch AppUITests */ = {
			isa = PBXNativeTarget;
			buildConfigurationList = C4B331122F8799760007CFA7 /* Build configuration list for PBXNativeTarget "Pesi Watch AppUITests" */;
			buildPhases = (
				C4B330F42F8799760007CFA7 /* Sources */,
				C4B330F52F8799760007CFA7 /* Frameworks */,
				C4B330F62F8799760007CFA7 /* Resources */,
			);
			buildRules = (
			);
			dependencies = (
				C4B330FA2F8799760007CFA7 /* PBXTargetDependency */,
			);
			fileSystemSynchronizedGroups = (
				C4B330FB2F8799760007CFA7 /* Pesi Watch AppUITests */,
			);
			name = "Pesi Watch AppUITests";
			packageProductDependencies = (
			);
			productName = "Pesi Watch AppUITests";
			productReference = C4B330F82F8799760007CFA7 /* Pesi Watch AppUITests.xctest */;
			productType = "com.apple.product-type.bundle.ui-testing";
		};
/* End PBXNativeTarget section */

/* Begin PBXProject section */
		C4B330B42F8799700007CFA7 /* Project object */ = {
			isa = PBXProject;
			attributes = {
				BuildIndependentTargetsInParallel = 1;
				LastSwiftUpdateCheck = 2630;
				LastUpgradeCheck = 2630;
				TargetAttributes = {
					C4B330BB2F8799710007CFA7 = {
						CreatedOnToolsVersion = 26.3;
					};
					C4B330C82F8799740007CFA7 = {
						CreatedOnToolsVersion = 26.3;
						TestTargetID = C4B330BB2F8799710007CFA7;
					};
					C4B330D22F8799740007CFA7 = {
						CreatedOnToolsVersion = 26.3;
						TestTargetID = C4B330BB2F8799710007CFA7;
					};
					C4B330DE2F8799740007CFA7 = {
						CreatedOnToolsVersion = 26.3;
					};
					C4B330ED2F8799760007CFA7 = {
						CreatedOnToolsVersion = 26.3;
						TestTargetID = C4B330DE2F8799740007CFA7;
					};
					C4B330F72F8799760007CFA7 = {
						CreatedOnToolsVersion = 26.3;
						TestTargetID = C4B330DE2F8799740007CFA7;
					};
				};
			};
			buildConfigurationList = C4B330B72F8799700007CFA7 /* Build configuration list for PBXProject "Pesi" */;
			developmentRegion = en;
			hasScannedForEncodings = 0;
			knownRegions = (
				en,
				Base,
			);
			mainGroup = C4B330B32F8799700007CFA7;
			minimizedProjectReferenceProxies = 1;
			packageReferences = (
				C4B331972F87ECB00007CFA7 /* XCLocalSwiftPackageReference "../ElechimCore" */,
			);
			preferredProjectObjectVersion = 77;
			productRefGroup = C4B330BD2F8799710007CFA7 /* Products */;
			projectDirPath = "";
			projectRoot = "";
			targets = (
				C4B330BB2F8799710007CFA7 /* Pesi */,
				C4B330C82F8799740007CFA7 /* PesiTests */,
				C4B330D22F8799740007CFA7 /* PesiUITests */,
				C4B330DE2F8799740007CFA7 /* Pesi Watch App */,
				C4B330ED2F8799760007CFA7 /* Pesi Watch AppTests */,
				C4B330F72F8799760007CFA7 /* Pesi Watch AppUITests */,
			);
		};
/* End PBXProject section */

/* Begin PBXResourcesBuildPhase section */
		C4B330BA2F8799710007CFA7 /* Resources */ = {
			isa = PBXResourcesBuildPhase;
			buildActionMask = 2147483647;
			files = (
			);
			runOnlyForDeploymentPostprocessing = 0;
		};
		C4B330C72F8799740007CFA7 /* Resources */ = {
			isa = PBXResourcesBuildPhase;
			buildActionMask = 2147483647;
			files = (
			);
			runOnlyForDeploymentPostprocessing = 0;
		};
		C4B330D12F8799740007CFA7 /* Resources */ = {
			isa = PBXResourcesBuildPhase;
			buildActionMask = 2147483647;
			files = (
			);
			runOnlyForDeploymentPostprocessing = 0;
		};
		C4B330DD2F8799740007CFA7 /* Resources */ = {
			isa = PBXResourcesBuildPhase;
			buildActionMask = 2147483647;
			files = (
			);
			runOnlyForDeploymentPostprocessing = 0;
		};
		C4B330EC2F8799760007CFA7 /* Resources */ = {
			isa = PBXResourcesBuildPhase;
			buildActionMask = 2147483647;
			files = (
			);
			runOnlyForDeploymentPostprocessing = 0;
		};
		C4B330F62F8799760007CFA7 /* Resources */ = {
			isa = PBXResourcesBuildPhase;
			buildActionMask = 2147483647;
			files = (
			);
			runOnlyForDeploymentPostprocessing = 0;
		};
/* End PBXResourcesBuildPhase section */

/* Begin PBXSourcesBuildPhase section */
		C4B330B82F8799710007CFA7 /* Sources */ = {
			isa = PBXSourcesBuildPhase;
			buildActionMask = 2147483647;
			files = (
				C40BFAF02F8D2F1700992216 /* PesoRow.swift in Sources */,
				C40BFAE72F8CF9E600992216 /* AllMock.swift in Sources */,
			);
			runOnlyForDeploymentPostprocessing = 0;
		};
		C4B330C52F8799740007CFA7 /* Sources */ = {
			isa = PBXSourcesBuildPhase;
			buildActionMask = 2147483647;
			files = (
			);
			runOnlyForDeploymentPostprocessing = 0;
		};
		C4B330CF2F8799740007CFA7 /* Sources */ = {
			isa = PBXSourcesBuildPhase;
			buildActionMask = 2147483647;
			files = (
			);
			runOnlyForDeploymentPostprocessing = 0;
		};
		C4B330DB2F8799740007CFA7 /* Sources */ = {
			isa = PBXSourcesBuildPhase;
			buildActionMask = 2147483647;
			files = (
				C40BFAEF2F8D2F1700992216 /* PesoRow.swift in Sources */,
				C40BFAE82F8CF9E600992216 /* AllMock.swift in Sources */,
			);
			runOnlyForDeploymentPostprocessing = 0;
		};
		C4B330EA2F8799760007CFA7 /* Sources */ = {
			isa = PBXSourcesBuildPhase;
			buildActionMask = 2147483647;
			files = (
			);
			runOnlyForDeploymentPostprocessing = 0;
		};
		C4B330F42F8799760007CFA7 /* Sources */ = {
			isa = PBXSourcesBuildPhase;
			buildActionMask = 2147483647;
			files = (
			);
			runOnlyForDeploymentPostprocessing = 0;
		};
/* End PBXSourcesBuildPhase section */

/* Begin PBXTargetDependency section */
		C4B330CB2F8799740007CFA7 /* PBXTargetDependency */ = {
			isa = PBXTargetDependency;
			target = C4B330BB2F8799710007CFA7 /* Pesi */;
			targetProxy = C4B330CA2F8799740007CFA7 /* PBXContainerItemProxy */;
		};
		C4B330D52F8799740007CFA7 /* PBXTargetDependency */ = {
			isa = PBXTargetDependency;
			target = C4B330BB2F8799710007CFA7 /* Pesi */;
			targetProxy = C4B330D42F8799740007CFA7 /* PBXContainerItemProxy */;
		};
		C4B330E22F8799740007CFA7 /* PBXTargetDependency */ = {
			isa = PBXTargetDependency;
			target = C4B330DE2F8799740007CFA7 /* Pesi Watch App */;
			targetProxy = C4B330E12F8799740007CFA7 /* PBXContainerItemProxy */;
		};
		C4B330F02F8799760007CFA7 /* PBXTargetDependency */ = {
			isa = PBXTargetDependency;
			target = C4B330DE2F8799740007CFA7 /* Pesi Watch App */;
			targetProxy = C4B330EF2F8799760007CFA7 /* PBXContainerItemProxy */;
		};
		C4B330FA2F8799760007CFA7 /* PBXTargetDependency */ = {
			isa = PBXTargetDependency;
			target = C4B330DE2F8799740007CFA7 /* Pesi Watch App */;
			targetProxy = C4B330F92F8799760007CFA7 /* PBXContainerItemProxy */;
		};
/* End PBXTargetDependency section */

/* Begin XCBuildConfiguration section */
		C4B331002F8799760007CFA7 /* Debug */ = {
			isa = XCBuildConfiguration;
			buildSettings = {
				ALWAYS_SEARCH_USER_PATHS = NO;
				ASSETCATALOG_COMPILER_GENERATE_SWIFT_ASSET_SYMBOL_EXTENSIONS = YES;
				CLANG_ANALYZER_NONNULL = YES;
				CLANG_ANALYZER_NUMBER_OBJECT_CONVERSION = YES_AGGRESSIVE;
				CLANG_CXX_LANGUAGE_STANDARD = "gnu++20";
				CLANG_ENABLE_MODULES = YES;
				CLANG_ENABLE_OBJC_ARC = YES;
				CLANG_ENABLE_OBJC_WEAK = YES;
				CLANG_WARN_BLOCK_CAPTURE_AUTORELEASING = YES;
				CLANG_WARN_BOOL_CONVERSION = YES;
				CLANG_WARN_COMMA = YES;
				CLANG_WARN_CONSTANT_CONVERSION = YES;
				CLANG_WARN_DEPRECATED_OBJC_IMPLEMENTATIONS = YES;
				CLANG_WARN_DIRECT_OBJC_ISA_USAGE = YES_ERROR;
				CLANG_WARN_DOCUMENTATION_COMMENTS = YES;
				CLANG_WARN_EMPTY_BODY = YES;
				CLANG_WARN_ENUM_CONVERSION = YES;
				CLANG_WARN_INFINITE_RECURSION = YES;
				CLANG_WARN_INT_CONVERSION = YES;
				CLANG_WARN_NON_LITERAL_NULL_CONVERSION = YES;
				CLANG_WARN_OBJC_IMPLICIT_RETAIN_SELF = YES;
				CLANG_WARN_OBJC_LITERAL_CONVERSION = YES;
				CLANG_WARN_OBJC_ROOT_CLASS = YES_ERROR;
				CLANG_WARN_QUOTED_INCLUDE_IN_FRAMEWORK_HEADER = YES;
				CLANG_WARN_RANGE_LOOP_ANALYSIS = YES;
				CLANG_WARN_STRICT_PROTOTYPES = YES;
				CLANG_WARN_SUSPICIOUS_MOVE = YES;
				CLANG_WARN_UNGUARDED_AVAILABILITY = YES_AGGRESSIVE;
				CLANG_WARN_UNREACHABLE_CODE = YES;
				CLANG_WARN__DUPLICATE_METHOD_MATCH = YES;
				COPY_PHASE_STRIP = NO;
				DEBUG_INFORMATION_FORMAT = dwarf;
				DEVELOPMENT_TEAM = G7DSPSWXXC;
				ENABLE_STRICT_OBJC_MSGSEND = YES;
				ENABLE_TESTABILITY = YES;
				ENABLE_USER_SCRIPT_SANDBOXING = YES;
				GCC_C_LANGUAGE_STANDARD = gnu17;
				GCC_DYNAMIC_NO_PIC = NO;
				GCC_NO_COMMON_BLOCKS = YES;
				GCC_OPTIMIZATION_LEVEL = 0;
				GCC_PREPROCESSOR_DEFINITIONS = (
					"DEBUG=1",
					"$(inherited)",
				);
				GCC_WARN_64_TO_32_BIT_CONVERSION = YES;
				GCC_WARN_ABOUT_RETURN_TYPE = YES_ERROR;
				GCC_WARN_UNDECLARED_SELECTOR = YES;
				GCC_WARN_UNINITIALIZED_AUTOS = YES_AGGRESSIVE;
				GCC_WARN_UNUSED_FUNCTION = YES;
				GCC_WARN_UNUSED_VARIABLE = YES;
				LOCALIZATION_PREFERS_STRING_CATALOGS = YES;
				MTL_ENABLE_DEBUG_INFO = INCLUDE_SOURCE;
				MTL_FAST_MATH = YES;
				ONLY_ACTIVE_ARCH = YES;
				SWIFT_ACTIVE_COMPILATION_CONDITIONS = "DEBUG $(inherited)";
				SWIFT_OPTIMIZATION_LEVEL = "-Onone";
			};
			name = Debug;
		};
		C4B331012F8799760007CFA7 /* Release */ = {
			isa = XCBuildConfiguration;
			buildSettings = {
				ALWAYS_SEARCH_USER_PATHS = NO;
				ASSETCATALOG_COMPILER_GENERATE_SWIFT_ASSET_SYMBOL_EXTENSIONS = YES;
				CLANG_ANALYZER_NONNULL = YES;
				CLANG_ANALYZER_NUMBER_OBJECT_CONVERSION = YES_AGGRESSIVE;
				CLANG_CXX_LANGUAGE_STANDARD = "gnu++20";
				CLANG_ENABLE_MODULES = YES;
				CLANG_ENABLE_OBJC_ARC = YES;
				CLANG_ENABLE_OBJC_WEAK = YES;
				CLANG_WARN_BLOCK_CAPTURE_AUTORELEASING = YES;
				CLANG_WARN_BOOL_CONVERSION = YES;
				CLANG_WARN_COMMA = YES;
				CLANG_WARN_CONSTANT_CONVERSION = YES;
				CLANG_WARN_DEPRECATED_OBJC_IMPLEMENTATIONS = YES;
				CLANG_WARN_DIRECT_OBJC_ISA_USAGE = YES_ERROR;
				CLANG_WARN_DOCUMENTATION_COMMENTS = YES;
				CLANG_WARN_EMPTY_BODY = YES;
				CLANG_WARN_ENUM_CONVERSION = YES;
				CLANG_WARN_INFINITE_RECURSION = YES;
				CLANG_WARN_INT_CONVERSION = YES;
				CLANG_WARN_NON_LITERAL_NULL_CONVERSION = YES;
				CLANG_WARN_OBJC_IMPLICIT_RETAIN_SELF = YES;
				CLANG_WARN_OBJC_LITERAL_CONVERSION = YES;
				CLANG_WARN_OBJC_ROOT_CLASS = YES_ERROR;
				CLANG_WARN_QUOTED_INCLUDE_IN_FRAMEWORK_HEADER = YES;
				CLANG_WARN_RANGE_LOOP_ANALYSIS = YES;
				CLANG_WARN_STRICT_PROTOTYPES = YES;
				CLANG_WARN_SUSPICIOUS_MOVE = YES;
				CLANG_WARN_UNGUARDED_AVAILABILITY = YES_AGGRESSIVE;
				CLANG_WARN_UNREACHABLE_CODE = YES;
				CLANG_WARN__DUPLICATE_METHOD_MATCH = YES;
				COPY_PHASE_STRIP = NO;
				DEBUG_INFORMATION_FORMAT = "dwarf-with-dsym";
				DEVELOPMENT_TEAM = G7DSPSWXXC;
				ENABLE_NS_ASSERTIONS = NO;
				ENABLE_STRICT_OBJC_MSGSEND = YES;
				ENABLE_USER_SCRIPT_SANDBOXING = YES;
				GCC_C_LANGUAGE_STANDARD = gnu17;
				GCC_NO_COMMON_BLOCKS = YES;
				GCC_WARN_64_TO_32_BIT_CONVERSION = YES;
				GCC_WARN_ABOUT_RETURN_TYPE = YES_ERROR;
				GCC_WARN_UNDECLARED_SELECTOR = YES;
				GCC_WARN_UNINITIALIZED_AUTOS = YES_AGGRESSIVE;
				GCC_WARN_UNUSED_FUNCTION = YES;
				GCC_WARN_UNUSED_VARIABLE = YES;
				LOCALIZATION_PREFERS_STRING_CATALOGS = YES;
				MTL_ENABLE_DEBUG_INFO = NO;
				MTL_FAST_MATH = YES;
				SWIFT_COMPILATION_MODE = wholemodule;
			};
			name = Release;
		};
		C4B331032F8799760007CFA7 /* Debug */ = {
			isa = XCBuildConfiguration;
			buildSettings = {
				ASSETCATALOG_COMPILER_APPICON_NAME = AppIcon;
				ASSETCATALOG_COMPILER_GLOBAL_ACCENT_COLOR_NAME = AccentColor;
				CODE_SIGN_STYLE = Automatic;
				CURRENT_PROJECT_VERSION = 1;
				DEVELOPMENT_TEAM = G7DSPSWXXC;
				ENABLE_PREVIEWS = YES;
				GENERATE_INFOPLIST_FILE = YES;
				INFOPLIST_KEY_CFBundleDisplayName = Pesi;
				INFOPLIST_KEY_UISupportedInterfaceOrientations = "UIInterfaceOrientationPortrait UIInterfaceOrientationPortraitUpsideDown";
				INFOPLIST_KEY_WKCompanionAppBundleIdentifier = com.MicheleManniello.Pesi;
				LD_RUNPATH_SEARCH_PATHS = (
					"$(inherited)",
					"@executable_path/Frameworks",
				);
				MARKETING_VERSION = 1.0;
				PRODUCT_BUNDLE_IDENTIFIER = com.MicheleManniello.Pesi.watchkitapp;
				PRODUCT_NAME = "$(TARGET_NAME)";
				SDKROOT = watchos;
				SKIP_INSTALL = YES;
				STRING_CATALOG_GENERATE_SYMBOLS = YES;
				SWIFT_APPROACHABLE_CONCURRENCY = YES;
				SWIFT_DEFAULT_ACTOR_ISOLATION = MainActor;
				SWIFT_EMIT_LOC_STRINGS = YES;
				SWIFT_UPCOMING_FEATURE_MEMBER_IMPORT_VISIBILITY = YES;
				SWIFT_VERSION = 5.0;
				TARGETED_DEVICE_FAMILY = 4;
				WATCHOS_DEPLOYMENT_TARGET = 10;
			};
			name = Debug;
		};
		C4B331042F8799760007CFA7 /* Release */ = {
			isa = XCBuildConfiguration;
			buildSettings = {
				ASSETCATALOG_COMPILER_APPICON_NAME = AppIcon;
				ASSETCATALOG_COMPILER_GLOBAL_ACCENT_COLOR_NAME = AccentColor;
				CODE_SIGN_STYLE = Automatic;
				CURRENT_PROJECT_VERSION = 1;
				DEVELOPMENT_TEAM = G7DSPSWXXC;
				ENABLE_PREVIEWS = YES;
				GENERATE_INFOPLIST_FILE = YES;
				INFOPLIST_KEY_CFBundleDisplayName = Pesi;
				INFOPLIST_KEY_UISupportedInterfaceOrientations = "UIInterfaceOrientationPortrait UIInterfaceOrientationPortraitUpsideDown";
				INFOPLIST_KEY_WKCompanionAppBundleIdentifier = com.MicheleManniello.Pesi;
				LD_RUNPATH_SEARCH_PATHS = (
					"$(inherited)",
					"@executable_path/Frameworks",
				);
				MARKETING_VERSION = 1.0;
				PRODUCT_BUNDLE_IDENTIFIER = com.MicheleManniello.Pesi.watchkitapp;
				PRODUCT_NAME = "$(TARGET_NAME)";
				SDKROOT = watchos;
				SKIP_INSTALL = YES;
				STRING_CATALOG_GENERATE_SYMBOLS = YES;
				SWIFT_APPROACHABLE_CONCURRENCY = YES;
				SWIFT_DEFAULT_ACTOR_ISOLATION = MainActor;
				SWIFT_EMIT_LOC_STRINGS = YES;
				SWIFT_UPCOMING_FEATURE_MEMBER_IMPORT_VISIBILITY = YES;
				SWIFT_VERSION = 5.0;
				TARGETED_DEVICE_FAMILY = 4;
				VALIDATE_PRODUCT = YES;
				WATCHOS_DEPLOYMENT_TARGET = 10;
			};
			name = Release;
		};
		C4B331072F8799760007CFA7 /* Debug */ = {
			isa = XCBuildConfiguration;
			buildSettings = {
				ASSETCATALOG_COMPILER_APPICON_NAME = AppIcon;
				ASSETCATALOG_COMPILER_GLOBAL_ACCENT_COLOR_NAME = AccentColor;
				CODE_SIGN_STYLE = Automatic;
				CURRENT_PROJECT_VERSION = 1;
				DEVELOPMENT_TEAM = G7DSPSWXXC;
				ENABLE_PREVIEWS = YES;
				GENERATE_INFOPLIST_FILE = YES;
				INFOPLIST_KEY_CFBundleDisplayName = Pesi;
				INFOPLIST_KEY_NSFaceIDUsageDescription = "Consenti l'accesso a FaceID";
				INFOPLIST_KEY_UIApplicationSceneManifest_Generation = YES;
				INFOPLIST_KEY_UIApplicationSupportsIndirectInputEvents = YES;
				INFOPLIST_KEY_UILaunchScreen_Generation = YES;
				INFOPLIST_KEY_UISupportedInterfaceOrientations_iPad = "UIInterfaceOrientationPortrait UIInterfaceOrientationPortraitUpsideDown UIInterfaceOrientationLandscapeLeft UIInterfaceOrientationLandscapeRight $(MARKETING_VERSION)";
				INFOPLIST_KEY_UISupportedInterfaceOrientations_iPhone = "UIInterfaceOrientationPortrait UIInterfaceOrientationLandscapeLeft UIInterfaceOrientationLandscapeRight";
				IPHONEOS_DEPLOYMENT_TARGET = 26;
				LD_RUNPATH_SEARCH_PATHS = (
					"$(inherited)",
					"@executable_path/Frameworks",
				);
				MARKETING_VERSION = 1.0;
				PRODUCT_BUNDLE_IDENTIFIER = com.MicheleManniello.Pesi;
				PRODUCT_NAME = "$(TARGET_NAME)";
				SDKROOT = iphoneos;
				STRING_CATALOG_GENERATE_SYMBOLS = YES;
				SWIFT_APPROACHABLE_CONCURRENCY = YES;
				SWIFT_DEFAULT_ACTOR_ISOLATION = MainActor;
				SWIFT_EMIT_LOC_STRINGS = YES;
				SWIFT_UPCOMING_FEATURE_MEMBER_IMPORT_VISIBILITY = YES;
				SWIFT_VERSION = 5.0;
				TARGETED_DEVICE_FAMILY = "1,2";
			};
			name = Debug;
		};
		C4B331082F8799760007CFA7 /* Release */ = {
			isa = XCBuildConfiguration;
			buildSettings = {
				ASSETCATALOG_COMPILER_APPICON_NAME = AppIcon;
				ASSETCATALOG_COMPILER_GLOBAL_ACCENT_COLOR_NAME = AccentColor;
				CODE_SIGN_STYLE = Automatic;
				CURRENT_PROJECT_VERSION = 1;
				DEVELOPMENT_TEAM = G7DSPSWXXC;
				ENABLE_PREVIEWS = YES;
				GENERATE_INFOPLIST_FILE = YES;
				INFOPLIST_KEY_CFBundleDisplayName = Pesi;
				INFOPLIST_KEY_NSFaceIDUsageDescription = "Consenti l'accesso a FaceID";
				INFOPLIST_KEY_UIApplicationSceneManifest_Generation = YES;
				INFOPLIST_KEY_UIApplicationSupportsIndirectInputEvents = YES;
				INFOPLIST_KEY_UILaunchScreen_Generation = YES;
				INFOPLIST_KEY_UISupportedInterfaceOrientations_iPad = "UIInterfaceOrientationPortrait UIInterfaceOrientationPortraitUpsideDown UIInterfaceOrientationLandscapeLeft UIInterfaceOrientationLandscapeRight $(MARKETING_VERSION)";
				INFOPLIST_KEY_UISupportedInterfaceOrientations_iPhone = "UIInterfaceOrientationPortrait UIInterfaceOrientationLandscapeLeft UIInterfaceOrientationLandscapeRight";
				IPHONEOS_DEPLOYMENT_TARGET = 26;
				LD_RUNPATH_SEARCH_PATHS = (
					"$(inherited)",
					"@executable_path/Frameworks",
				);
				MARKETING_VERSION = 1.0;
				PRODUCT_BUNDLE_IDENTIFIER = com.MicheleManniello.Pesi;
				PRODUCT_NAME = "$(TARGET_NAME)";
				SDKROOT = iphoneos;
				STRING_CATALOG_GENERATE_SYMBOLS = YES;
				SWIFT_APPROACHABLE_CONCURRENCY = YES;
				SWIFT_DEFAULT_ACTOR_ISOLATION = MainActor;
				SWIFT_EMIT_LOC_STRINGS = YES;
				SWIFT_UPCOMING_FEATURE_MEMBER_IMPORT_VISIBILITY = YES;
				SWIFT_VERSION = 5.0;
				TARGETED_DEVICE_FAMILY = "1,2";
				VALIDATE_PRODUCT = YES;
			};
			name = Release;
		};
		C4B3310A2F8799760007CFA7 /* Debug */ = {
			isa = XCBuildConfiguration;
			buildSettings = {
				BUNDLE_LOADER = "$(TEST_HOST)";
				CODE_SIGN_STYLE = Automatic;
				CURRENT_PROJECT_VERSION = 1;
				DEVELOPMENT_TEAM = G7DSPSWXXC;
				GENERATE_INFOPLIST_FILE = YES;
				IPHONEOS_DEPLOYMENT_TARGET = 26.2;
				MARKETING_VERSION = 1.0;
				PRODUCT_BUNDLE_IDENTIFIER = com.MicheleManniello.PesiTests;
				PRODUCT_NAME = "$(TARGET_NAME)";
				SDKROOT = iphoneos;
				STRING_CATALOG_GENERATE_SYMBOLS = NO;
				SWIFT_APPROACHABLE_CONCURRENCY = YES;
				SWIFT_EMIT_LOC_STRINGS = NO;
				SWIFT_UPCOMING_FEATURE_MEMBER_IMPORT_VISIBILITY = YES;
				SWIFT_VERSION = 5.0;
				TARGETED_DEVICE_FAMILY = "1,2";
				TEST_HOST = "$(BUILT_PRODUCTS_DIR)/Pesi.app/$(BUNDLE_EXECUTABLE_FOLDER_PATH)/Pesi";
			};
			name = Debug;
		};
		C4B3310B2F8799760007CFA7 /* Release */ = {
			isa = XCBuildConfiguration;
			buildSettings = {
				BUNDLE_LOADER = "$(TEST_HOST)";
				CODE_SIGN_STYLE = Automatic;
				CURRENT_PROJECT_VERSION = 1;
				DEVELOPMENT_TEAM = G7DSPSWXXC;
				GENERATE_INFOPLIST_FILE = YES;
				IPHONEOS_DEPLOYMENT_TARGET = 26.2;
				MARKETING_VERSION = 1.0;
				PRODUCT_BUNDLE_IDENTIFIER = com.MicheleManniello.PesiTests;
				PRODUCT_NAME = "$(TARGET_NAME)";
				SDKROOT = iphoneos;
				STRING_CATALOG_GENERATE_SYMBOLS = NO;
				SWIFT_APPROACHABLE_CONCURRENCY = YES;
				SWIFT_EMIT_LOC_STRINGS = NO;
				SWIFT_UPCOMING_FEATURE_MEMBER_IMPORT_VISIBILITY = YES;
				SWIFT_VERSION = 5.0;
				TARGETED_DEVICE_FAMILY = "1,2";
				TEST_HOST = "$(BUILT_PRODUCTS_DIR)/Pesi.app/$(BUNDLE_EXECUTABLE_FOLDER_PATH)/Pesi";
				VALIDATE_PRODUCT = YES;
			};
			name = Release;
		};
		C4B3310D2F8799760007CFA7 /* Debug */ = {
			isa = XCBuildConfiguration;
			buildSettings = {
				CODE_SIGN_STYLE = Automatic;
				CURRENT_PROJECT_VERSION = 1;
				DEVELOPMENT_TEAM = G7DSPSWXXC;
				GENERATE_INFOPLIST_FILE = YES;
				IPHONEOS_DEPLOYMENT_TARGET = 26.2;
				MARKETING_VERSION = 1.0;
				PRODUCT_BUNDLE_IDENTIFIER = com.MicheleManniello.PesiUITests;
				PRODUCT_NAME = "$(TARGET_NAME)";
				SDKROOT = iphoneos;
				STRING_CATALOG_GENERATE_SYMBOLS = NO;
				SWIFT_APPROACHABLE_CONCURRENCY = YES;
				SWIFT_EMIT_LOC_STRINGS = NO;
				SWIFT_UPCOMING_FEATURE_MEMBER_IMPORT_VISIBILITY = YES;
				SWIFT_VERSION = 5.0;
				TARGETED_DEVICE_FAMILY = "1,2";
				TEST_TARGET_NAME = Pesi;
			};
			name = Debug;
		};
		C4B3310E2F8799760007CFA7 /* Release */ = {
			isa = XCBuildConfiguration;
			buildSettings = {
				CODE_SIGN_STYLE = Automatic;
				CURRENT_PROJECT_VERSION = 1;
				DEVELOPMENT_TEAM = G7DSPSWXXC;
				GENERATE_INFOPLIST_FILE = YES;
				IPHONEOS_DEPLOYMENT_TARGET = 26.2;
				MARKETING_VERSION = 1.0;
				PRODUCT_BUNDLE_IDENTIFIER = com.MicheleManniello.PesiUITests;
				PRODUCT_NAME = "$(TARGET_NAME)";
				SDKROOT = iphoneos;
				STRING_CATALOG_GENERATE_SYMBOLS = NO;
				SWIFT_APPROACHABLE_CONCURRENCY = YES;
				SWIFT_EMIT_LOC_STRINGS = NO;
				SWIFT_UPCOMING_FEATURE_MEMBER_IMPORT_VISIBILITY = YES;
				SWIFT_VERSION = 5.0;
				TARGETED_DEVICE_FAMILY = "1,2";
				TEST_TARGET_NAME = Pesi;
				VALIDATE_PRODUCT = YES;
			};
			name = Release;
		};
		C4B331102F8799760007CFA7 /* Debug */ = {
			isa = XCBuildConfiguration;
			buildSettings = {
				BUNDLE_LOADER = "$(TEST_HOST)";
				CODE_SIGN_STYLE = Automatic;
				CURRENT_PROJECT_VERSION = 1;
				DEVELOPMENT_TEAM = G7DSPSWXXC;
				GENERATE_INFOPLIST_FILE = YES;
				MARKETING_VERSION = 1.0;
				PRODUCT_BUNDLE_IDENTIFIER = "com.MicheleManniello.Pesi-Watch-AppTests";
				PRODUCT_NAME = "$(TARGET_NAME)";
				SDKROOT = watchos;
				STRING_CATALOG_GENERATE_SYMBOLS = NO;
				SWIFT_APPROACHABLE_CONCURRENCY = YES;
				SWIFT_EMIT_LOC_STRINGS = NO;
				SWIFT_UPCOMING_FEATURE_MEMBER_IMPORT_VISIBILITY = YES;
				SWIFT_VERSION = 5.0;
				TARGETED_DEVICE_FAMILY = 4;
				TEST_HOST = "$(BUILT_PRODUCTS_DIR)/Pesi Watch App.app/$(BUNDLE_EXECUTABLE_FOLDER_PATH)/Pesi Watch App";
				WATCHOS_DEPLOYMENT_TARGET = 26.2;
			};
			name = Debug;
		};
		C4B331112F8799760007CFA7 /* Release */ = {
			isa = XCBuildConfiguration;
			buildSettings = {
				BUNDLE_LOADER = "$(TEST_HOST)";
				CODE_SIGN_STYLE = Automatic;
				CURRENT_PROJECT_VERSION = 1;
				DEVELOPMENT_TEAM = G7DSPSWXXC;
				GENERATE_INFOPLIST_FILE = YES;
				MARKETING_VERSION = 1.0;
				PRODUCT_BUNDLE_IDENTIFIER = "com.MicheleManniello.Pesi-Watch-AppTests";
				PRODUCT_NAME = "$(TARGET_NAME)";
				SDKROOT = watchos;
				STRING_CATALOG_GENERATE_SYMBOLS = NO;
				SWIFT_APPROACHABLE_CONCURRENCY = YES;
				SWIFT_EMIT_LOC_STRINGS = NO;
				SWIFT_UPCOMING_FEATURE_MEMBER_IMPORT_VISIBILITY = YES;
				SWIFT_VERSION = 5.0;
				TARGETED_DEVICE_FAMILY = 4;
				TEST_HOST = "$(BUILT_PRODUCTS_DIR)/Pesi Watch App.app/$(BUNDLE_EXECUTABLE_FOLDER_PATH)/Pesi Watch App";
				VALIDATE_PRODUCT = YES;
				WATCHOS_DEPLOYMENT_TARGET = 26.2;
			};
			name = Release;
		};
		C4B331132F8799760007CFA7 /* Debug */ = {
			isa = XCBuildConfiguration;
			buildSettings = {
				CODE_SIGN_STYLE = Automatic;
				CURRENT_PROJECT_VERSION = 1;
				DEVELOPMENT_TEAM = G7DSPSWXXC;
				GENERATE_INFOPLIST_FILE = YES;
				MARKETING_VERSION = 1.0;
				PRODUCT_BUNDLE_IDENTIFIER = "com.MicheleManniello.Pesi-Watch-AppUITests";
				PRODUCT_NAME = "$(TARGET_NAME)";
				SDKROOT = watchos;
				STRING_CATALOG_GENERATE_SYMBOLS = NO;
				SWIFT_APPROACHABLE_CONCURRENCY = YES;
				SWIFT_EMIT_LOC_STRINGS = NO;
				SWIFT_UPCOMING_FEATURE_MEMBER_IMPORT_VISIBILITY = YES;
				SWIFT_VERSION = 5.0;
				TARGETED_DEVICE_FAMILY = 4;
				TEST_TARGET_NAME = "Pesi Watch App";
				WATCHOS_DEPLOYMENT_TARGET = 26.2;
			};
			name = Debug;
		};
		C4B331142F8799760007CFA7 /* Release */ = {
			isa = XCBuildConfiguration;
			buildSettings = {
				CODE_SIGN_STYLE = Automatic;
				CURRENT_PROJECT_VERSION = 1;
				DEVELOPMENT_TEAM = G7DSPSWXXC;
				GENERATE_INFOPLIST_FILE = YES;
				MARKETING_VERSION = 1.0;
				PRODUCT_BUNDLE_IDENTIFIER = "com.MicheleManniello.Pesi-Watch-AppUITests";
				PRODUCT_NAME = "$(TARGET_NAME)";
				SDKROOT = watchos;
				STRING_CATALOG_GENERATE_SYMBOLS = NO;
				SWIFT_APPROACHABLE_CONCURRENCY = YES;
				SWIFT_EMIT_LOC_STRINGS = NO;
				SWIFT_UPCOMING_FEATURE_MEMBER_IMPORT_VISIBILITY = YES;
				SWIFT_VERSION = 5.0;
				TARGETED_DEVICE_FAMILY = 4;
				TEST_TARGET_NAME = "Pesi Watch App";
				VALIDATE_PRODUCT = YES;
				WATCHOS_DEPLOYMENT_TARGET = 26.2;
			};
			name = Release;
		};
/* End XCBuildConfiguration section */

/* Begin XCConfigurationList section */
		C4B330B72F8799700007CFA7 /* Build configuration list for PBXProject "Pesi" */ = {
			isa = XCConfigurationList;
			buildConfigurations = (
				C4B331002F8799760007CFA7 /* Debug */,
				C4B331012F8799760007CFA7 /* Release */,
			);
			defaultConfigurationIsVisible = 0;
			defaultConfigurationName = Release;
		};
		C4B331022F8799760007CFA7 /* Build configuration list for PBXNativeTarget "Pesi Watch App" */ = {
			isa = XCConfigurationList;
			buildConfigurations = (
				C4B331032F8799760007CFA7 /* Debug */,
				C4B331042F8799760007CFA7 /* Release */,
			);
			defaultConfigurationIsVisible = 0;
			defaultConfigurationName = Release;
		};
		C4B331062F8799760007CFA7 /* Build configuration list for PBXNativeTarget "Pesi" */ = {
			isa = XCConfigurationList;
			buildConfigurations = (
				C4B331072F8799760007CFA7 /* Debug */,
				C4B331082F8799760007CFA7 /* Release */,
			);
			defaultConfigurationIsVisible = 0;
			defaultConfigurationName = Release;
		};
		C4B331092F8799760007CFA7 /* Build configuration list for PBXNativeTarget "PesiTests" */ = {
			isa = XCConfigurationList;
			buildConfigurations = (
				C4B3310A2F8799760007CFA7 /* Debug */,
				C4B3310B2F8799760007CFA7 /* Release */,
			);
			defaultConfigurationIsVisible = 0;
			defaultConfigurationName = Release;
		};
		C4B3310C2F8799760007CFA7 /* Build configuration list for PBXNativeTarget "PesiUITests" */ = {
			isa = XCConfigurationList;
			buildConfigurations = (
				C4B3310D2F8799760007CFA7 /* Debug */,
				C4B3310E2F8799760007CFA7 /* Release */,
			);
			defaultConfigurationIsVisible = 0;
			defaultConfigurationName = Release;
		};
		C4B3310F2F8799760007CFA7 /* Build configuration list for PBXNativeTarget "Pesi Watch AppTests" */ = {
			isa = XCConfigurationList;
			buildConfigurations = (
				C4B331102F8799760007CFA7 /* Debug */,
				C4B331112F8799760007CFA7 /* Release */,
			);
			defaultConfigurationIsVisible = 0;
			defaultConfigurationName = Release;
		};
		C4B331122F8799760007CFA7 /* Build configuration list for PBXNativeTarget "Pesi Watch AppUITests" */ = {
			isa = XCConfigurationList;
			buildConfigurations = (
				C4B331132F8799760007CFA7 /* Debug */,
				C4B331142F8799760007CFA7 /* Release */,
			);
			defaultConfigurationIsVisible = 0;
			defaultConfigurationName = Release;
		};
/* End XCConfigurationList section */

/* Begin XCLocalSwiftPackageReference section */
		C4B331972F87ECB00007CFA7 /* XCLocalSwiftPackageReference "../ElechimCore" */ = {
			isa = XCLocalSwiftPackageReference;
			relativePath = ../ElechimCore;
		};
/* End XCLocalSwiftPackageReference section */

/* Begin XCSwiftPackageProductDependency section */
		C40BFADC2F8CF2A500992216 /* ElechimCore */ = {
			isa = XCSwiftPackageProductDependency;
			package = C4B331972F87ECB00007CFA7 /* XCLocalSwiftPackageReference "../ElechimCore" */;
			productName = ElechimCore;
		};
		C4B331992F87ECBA0007CFA7 /* ElechimCore */ = {
			isa = XCSwiftPackageProductDependency;
			package = C4B331972F87ECB00007CFA7 /* XCLocalSwiftPackageReference "../ElechimCore" */;
			productName = ElechimCore;
		};
/* End XCSwiftPackageProductDependency section */
	};
	rootObject = C4B330B42F8799700007CFA7 /* Project object */;
}
